
Microsoft Visual Studio Solution File, Format Version 12.00
# Visual Studio Version 17
VisualStudioVersion = 17.2.32526.322
MinimumVisualStudioVersion = 10.0.40219.1
Project("{FAE04EC0-301F-11D3-BF4B-00C04F79EFBC}") = "Kae.DomainModel.Csharp.Framework", "Kae.DomainModel.Csharp.Framework\Kae.DomainModel.Csharp.Framework.csproj", "{79CA2852-4318-4BE7-B380-999FDABD269B}"
EndProject
Global
	GlobalSection(SolutionConfigurationPlatforms) = preSolution
		Debug|Any CPU = Debug|Any CPU
		Release|Any CPU = Release|Any CPU
	EndGlobalSection
	GlobalSection(ProjectConfigurationPlatforms) = postSolution
		{79CA2852-4318-4BE7-B380-999FDABD269B}.Debug|Any CPU.ActiveCfg = Debug|Any CPU
		{79CA2852-4318-4BE7-B380-999FDABD269B}.Debug|Any CPU.Build.0 = Debug|Any CPU
		{79CA2852-4318-4BE7-B380-999FDABD269B}.Release|Any CPU.ActiveCfg = Release|Any CPU
		{79CA2852-4318-4BE7-B380-999FDABD269B}.Release|Any CPU.Build.0 = Release|Any CPU
	EndGlobalSection
	GlobalSection(SolutionProperties) = preSolution
		HideSolutionNode = FALSE
	EndGlobalSection
	GlobalSection(ExtensibilityGlobals) = postSolution
		SolutionGuid = {E404C252-4BBC-4E16-9713-EBDEEE5B285A}
	EndGlobalSection
EndGlobal
